
Microsoft Visual Studio Solution File, Format Version 12.00
# Visual Studio 15
VisualStudioVersion = 15.0.27130.2020
MinimumVisualStudioVersion = 10.0.40219.1
Project("{FAE04EC0-301F-11D3-BF4B-00C04F79EFBC}") = "EntitFrameworkCodeFirst", "EntitFrameworkCodeFirst\EntitFrameworkCodeFirst.csproj", "{EAD9373F-E8B6-4206-B116-2831A7081154}"
EndProject
Project("{FAE04EC0-301F-11D3-BF4B-00C04F79EFBC}") = "CodeFirstConvensions", "CodeFirstConvensions\CodeFirstConvensions.csproj", "{BC02D323-14C8-430E-9CBD-C73C8CBC81EE}"
EndProject
Project("{FAE04EC0-301F-11D3-BF4B-00C04F79EFBC}") = "EFInheritanceStrategy", "EFInheritanceStrategy\EFInheritanceStrategy.csproj", "{16E2D49F-0E28-4429-8774-302BB2A81346}"
EndProject
Project("{FAE04EC0-301F-11D3-BF4B-00C04F79EFBC}") = "EFStoredProcedure", "EFStoredProcedure\EFStoredProcedure.csproj", "{43F79AD2-C611-43E5-97E1-58396B08B769}"
EndProject
Project("{FAE04EC0-301F-11D3-BF4B-00C04F79EFBC}") = "ConsoleApp1", "ConsoleApp1\ConsoleApp1.csproj", "{985A3B1F-6618-4AE5-B239-ADBC5EC97747}"
EndProject
Project("{FAE04EC0-301F-11D3-BF4B-00C04F79EFBC}") = "PrivateConstractorAndSetter", "PrivateConstractorAndSetter\PrivateConstractorAndSetter.csproj", "{9647DDDC-BEC0-4CED-98BC-D12E9647A548}"
EndProject
Global
	GlobalSection(SolutionConfigurationPlatforms) = preSolution
		Debug|Any CPU = Debug|Any CPU
		Release|Any CPU = Release|Any CPU
	EndGlobalSection
	GlobalSection(ProjectConfigurationPlatforms) = postSolution
		{EAD9373F-E8B6-4206-B116-2831A7081154}.Debug|Any CPU.ActiveCfg = Debug|Any CPU
		{EAD9373F-E8B6-4206-B116-2831A7081154}.Debug|Any CPU.Build.0 = Debug|Any CPU
		{EAD9373F-E8B6-4206-B116-2831A7081154}.Release|Any CPU.ActiveCfg = Release|Any CPU
		{EAD9373F-E8B6-4206-B116-2831A7081154}.Release|Any CPU.Build.0 = Release|Any CPU
		{BC02D323-14C8-430E-9CBD-C73C8CBC81EE}.Debug|Any CPU.ActiveCfg = Debug|Any CPU
		{BC02D323-14C8-430E-9CBD-C73C8CBC81EE}.Debug|Any CPU.Build.0 = Debug|Any CPU
		{BC02D323-14C8-430E-9CBD-C73C8CBC81EE}.Release|Any CPU.ActiveCfg = Release|Any CPU
		{BC02D323-14C8-430E-9CBD-C73C8CBC81EE}.Release|Any CPU.Build.0 = Release|Any CPU
		{16E2D49F-0E28-4429-8774-302BB2A81346}.Debug|Any CPU.ActiveCfg = Debug|Any CPU
		{16E2D49F-0E28-4429-8774-302BB2A81346}.Debug|Any CPU.Build.0 = Debug|Any CPU
		{16E2D49F-0E28-4429-8774-302BB2A81346}.Release|Any CPU.ActiveCfg = Release|Any CPU
		{16E2D49F-0E28-4429-8774-302BB2A81346}.Release|Any CPU.Build.0 = Release|Any CPU
		{43F79AD2-C611-43E5-97E1-58396B08B769}.Debug|Any CPU.ActiveCfg = Debug|Any CPU
		{43F79AD2-C611-43E5-97E1-58396B08B769}.Debug|Any CPU.Build.0 = Debug|Any CPU
		{43F79AD2-C611-43E5-97E1-58396B08B769}.Release|Any CPU.ActiveCfg = Release|Any CPU
		{43F79AD2-C611-43E5-97E1-58396B08B769}.Release|Any CPU.Build.0 = Release|Any CPU
		{985A3B1F-6618-4AE5-B239-ADBC5EC97747}.Debug|Any CPU.ActiveCfg = Debug|Any CPU
		{985A3B1F-6618-4AE5-B239-ADBC5EC97747}.Debug|Any CPU.Build.0 = Debug|Any CPU
		{985A3B1F-6618-4AE5-B239-ADBC5EC97747}.Release|Any CPU.ActiveCfg = Release|Any CPU
		{985A3B1F-6618-4AE5-B239-ADBC5EC97747}.Release|Any CPU.Build.0 = Release|Any CPU
		{9647DDDC-BEC0-4CED-98BC-D12E9647A548}.Debug|Any CPU.ActiveCfg = Debug|Any CPU
		{9647DDDC-BEC0-4CED-98BC-D12E9647A548}.Debug|Any CPU.Build.0 = Debug|Any CPU
		{9647DDDC-BEC0-4CED-98BC-D12E9647A548}.Release|Any CPU.ActiveCfg = Release|Any CPU
		{9647DDDC-BEC0-4CED-98BC-D12E9647A548}.Release|Any CPU.Build.0 = Release|Any CPU
	EndGlobalSection
	GlobalSection(SolutionProperties) = preSolution
		HideSolutionNode = FALSE
	EndGlobalSection
	GlobalSection(ExtensibilityGlobals) = postSolution
		SolutionGuid = {27483956-E729-43B6-9D9A-F055B63CC959}
	EndGlobalSection
EndGlobal
